// !$*UTF8*$!
{
	archiveVersion = 1;
	classes = {
	};
	objectVersion = 46;
	objects = {

/* Begin PBXBuildFile section */
		A0F0517524719DDC3473199D /* Pods_TourTests.framework in Frameworks */ = {isa = PBXBuildFile; fileRef = A46B47CA6019F84784B1DB36 /* Pods_TourTests.framework */; };
		A708DD0FDFF072A07C336619 /* Pods_Tour.framework in Frameworks */ = {isa = PBXBuildFile; fileRef = EDE546BF86E72A5130C69D24 /* Pods_Tour.framework */; };
		DDB19D6B1E386A0700572212 /* AppDelegate.swift in Sources */ = {isa = PBXBuildFile; fileRef = DDB19D6A1E386A0700572212 /* AppDelegate.swift */; };
		DDB19D6D1E386A0700572212 /* LoginVC.swift in Sources */ = {isa = PBXBuildFile; fileRef = DDB19D6C1E386A0700572212 /* LoginVC.swift */; };
		DDB19D731E386A0700572212 /* Tour.xcdatamodeld in Sources */ = {isa = PBXBuildFile; fileRef = DDB19D711E386A0700572212 /* Tour.xcdatamodeld */; };
		DDB19D751E386A0700572212 /* Assets.xcassets in Resources */ = {isa = PBXBuildFile; fileRef = DDB19D741E386A0700572212 /* Assets.xcassets */; };
		DDB19D781E386A0700572212 /* LaunchScreen.storyboard in Resources */ = {isa = PBXBuildFile; fileRef = DDB19D761E386A0700572212 /* LaunchScreen.storyboard */; };
		DDB19D831E386A0700572212 /* TourTests.swift in Sources */ = {isa = PBXBuildFile; fileRef = DDB19D821E386A0700572212 /* TourTests.swift */; };
		DDB19D921E3870B200572212 /* GoogleService-Info.plist in Resources */ = {isa = PBXBuildFile; fileRef = DDB19D911E3870B200572212 /* GoogleService-Info.plist */; };
		DDB19D941E38714C00572212 /* Entry.storyboard in Resources */ = {isa = PBXBuildFile; fileRef = DDB19D931E38714C00572212 /* Entry.storyboard */; };
		DDB19D961E38731D00572212 /* SignUpVC.swift in Sources */ = {isa = PBXBuildFile; fileRef = DDB19D951E38731D00572212 /* SignUpVC.swift */; };
		DDB19D991E38812C00572212 /* UIViewController+InstantiateVC.swift in Sources */ = {isa = PBXBuildFile; fileRef = DDB19D981E38812C00572212 /* UIViewController+InstantiateVC.swift */; };
		DDB19D9B1E38847300572212 /* Main.storyboard in Resources */ = {isa = PBXBuildFile; fileRef = DDB19D9A1E38847300572212 /* Main.storyboard */; };
		DDB19D9D1E38853200572212 /* MainVC.swift in Sources */ = {isa = PBXBuildFile; fileRef = DDB19D9C1E38853200572212 /* MainVC.swift */; };
/* End PBXBuildFile section */

/* Begin PBXContainerItemProxy section */
		DDB19D7F1E386A0700572212 /* PBXContainerItemProxy */ = {
			isa = PBXContainerItemProxy;
			containerPortal = DDB19D5F1E386A0700572212 /* Project object */;
			proxyType = 1;
			remoteGlobalIDString = DDB19D661E386A0700572212;
			remoteInfo = Tour;
		};
/* End PBXContainerItemProxy section */

/* Begin PBXFileReference section */
		2C8B6E84E66217F554771009 /* Pods-TourTests.debug.xcconfig */ = {isa = PBXFileReference; includeInIndex = 1; lastKnownFileType = text.xcconfig; name = "Pods-TourTests.debug.xcconfig"; path = "Pods/Target Support Files/Pods-TourTests/Pods-TourTests.debug.xcconfig"; sourceTree = "<group>"; };
		752F1F2E85DDA06A5C9E7BFF /* Pods-Tour.debug.xcconfig */ = {isa = PBXFileReference; includeInIndex = 1; lastKnownFileType = text.xcconfig; name = "Pods-Tour.debug.xcconfig"; path = "Pods/Target Support Files/Pods-Tour/Pods-Tour.debug.xcconfig"; sourceTree = "<group>"; };
		826C04A8F9D739ECE877450A /* Pods-TourTests.release.xcconfig */ = {isa = PBXFileReference; includeInIndex = 1; lastKnownFileType = text.xcconfig; name = "Pods-TourTests.release.xcconfig"; path = "Pods/Target Support Files/Pods-TourTests/Pods-TourTests.release.xcconfig"; sourceTree = "<group>"; };
		98E8DFD2FBFC59AC15E1F661 /* Pods-Tour.release.xcconfig */ = {isa = PBXFileReference; includeInIndex = 1; lastKnownFileType = text.xcconfig; name = "Pods-Tour.release.xcconfig"; path = "Pods/Target Support Files/Pods-Tour/Pods-Tour.release.xcconfig"; sourceTree = "<group>"; };
		A46B47CA6019F84784B1DB36 /* Pods_TourTests.framework */ = {isa = PBXFileReference; explicitFileType = wrapper.framework; includeInIndex = 0; path = Pods_TourTests.framework; sourceTree = BUILT_PRODUCTS_DIR; };
		DDB19D671E386A0700572212 /* Tour.app */ = {isa = PBXFileReference; explicitFileType = wrapper.application; includeInIndex = 0; path = Tour.app; sourceTree = BUILT_PRODUCTS_DIR; };
		DDB19D6A1E386A0700572212 /* AppDelegate.swift */ = {isa = PBXFileReference; lastKnownFileType = sourcecode.swift; path = AppDelegate.swift; sourceTree = "<group>"; };
		DDB19D6C1E386A0700572212 /* LoginVC.swift */ = {isa = PBXFileReference; lastKnownFileType = sourcecode.swift; path = LoginVC.swift; sourceTree = "<group>"; };
		DDB19D721E386A0700572212 /* Tour.xcdatamodel */ = {isa = PBXFileReference; lastKnownFileType = wrapper.xcdatamodel; path = Tour.xcdatamodel; sourceTree = "<group>"; };
		DDB19D741E386A0700572212 /* Assets.xcassets */ = {isa = PBXFileReference; lastKnownFileType = folder.assetcatalog; path = Assets.xcassets; sourceTree = "<group>"; };
		DDB19D771E386A0700572212 /* Base */ = {isa = PBXFileReference; lastKnownFileType = file.storyboard; name = Base; path = Base.lproj/LaunchScreen.storyboard; sourceTree = "<group>"; };
		DDB19D791E386A0700572212 /* Info.plist */ = {isa = PBXFileReference; lastKnownFileType = text.plist.xml; path = Info.plist; sourceTree = "<group>"; };
		DDB19D7E1E386A0700572212 /* TourTests.xctest */ = {isa = PBXFileReference; explicitFileType = wrapper.cfbundle; includeInIndex = 0; path = TourTests.xctest; sourceTree = BUILT_PRODUCTS_DIR; };
		DDB19D821E386A0700572212 /* TourTests.swift */ = {isa = PBXFileReference; lastKnownFileType = sourcecode.swift; path = TourTests.swift; sourceTree = "<group>"; };
		DDB19D841E386A0700572212 /* Info.plist */ = {isa = PBXFileReference; lastKnownFileType = text.plist.xml; path = Info.plist; sourceTree = "<group>"; };
		DDB19D911E3870B200572212 /* GoogleService-Info.plist */ = {isa = PBXFileReference; fileEncoding = 4; lastKnownFileType = text.plist.xml; path = "GoogleService-Info.plist"; sourceTree = "<group>"; };
		DDB19D931E38714C00572212 /* Entry.storyboard */ = {isa = PBXFileReference; fileEncoding = 4; lastKnownFileType = file.storyboard; path = Entry.storyboard; sourceTree = "<group>"; };
		DDB19D951E38731D00572212 /* SignUpVC.swift */ = {isa = PBXFileReference; fileEncoding = 4; lastKnownFileType = sourcecode.swift; path = SignUpVC.swift; sourceTree = "<group>"; };
		DDB19D981E38812C00572212 /* UIViewController+InstantiateVC.swift */ = {isa = PBXFileReference; fileEncoding = 4; lastKnownFileType = sourcecode.swift; path = "UIViewController+InstantiateVC.swift"; sourceTree = "<group>"; };
		DDB19D9A1E38847300572212 /* Main.storyboard */ = {isa = PBXFileReference; fileEncoding = 4; lastKnownFileType = file.storyboard; path = Main.storyboard; sourceTree = "<group>"; };
		DDB19D9C1E38853200572212 /* MainVC.swift */ = {isa = PBXFileReference; fileEncoding = 4; lastKnownFileType = sourcecode.swift; path = MainVC.swift; sourceTree = "<group>"; };
		EDE546BF86E72A5130C69D24 /* Pods_Tour.framework */ = {isa = PBXFileReference; explicitFileType = wrapper.framework; includeInIndex = 0; path = Pods_Tour.framework; sourceTree = BUILT_PRODUCTS_DIR; };
/* End PBXFileReference section */

/* Begin PBXFrameworksBuildPhase section */
		DDB19D641E386A0700572212 /* Frameworks */ = {
			isa = PBXFrameworksBuildPhase;
			buildActionMask = 2147483647;
			files = (
				A708DD0FDFF072A07C336619 /* Pods_Tour.framework in Frameworks */,
			);
			runOnlyForDeploymentPostprocessing = 0;
		};
		DDB19D7B1E386A0700572212 /* Frameworks */ = {
			isa = PBXFrameworksBuildPhase;
			buildActionMask = 2147483647;
			files = (
				A0F0517524719DDC3473199D /* Pods_TourTests.framework in Frameworks */,
			);
			runOnlyForDeploymentPostprocessing = 0;
		};
/* End PBXFrameworksBuildPhase section */

/* Begin PBXGroup section */
		33CF94D3B8426E668752B26B /* Pods */ = {
			isa = PBXGroup;
			children = (
				752F1F2E85DDA06A5C9E7BFF /* Pods-Tour.debug.xcconfig */,
				98E8DFD2FBFC59AC15E1F661 /* Pods-Tour.release.xcconfig */,
				2C8B6E84E66217F554771009 /* Pods-TourTests.debug.xcconfig */,
				826C04A8F9D739ECE877450A /* Pods-TourTests.release.xcconfig */,
			);
			name = Pods;
			sourceTree = "<group>";
		};
		DCEB8BC73511FBE9A6F7741A /* Frameworks */ = {
			isa = PBXGroup;
			children = (
				EDE546BF86E72A5130C69D24 /* Pods_Tour.framework */,
				A46B47CA6019F84784B1DB36 /* Pods_TourTests.framework */,
			);
			name = Frameworks;
			sourceTree = "<group>";
		};
		DDB19D5E1E386A0600572212 = {
			isa = PBXGroup;
			children = (
				DDB19D691E386A0700572212 /* Tour */,
				DDB19D811E386A0700572212 /* TourTests */,
				DDB19D681E386A0700572212 /* Products */,
				33CF94D3B8426E668752B26B /* Pods */,
				DCEB8BC73511FBE9A6F7741A /* Frameworks */,
			);
			sourceTree = "<group>";
		};
		DDB19D681E386A0700572212 /* Products */ = {
			isa = PBXGroup;
			children = (
				DDB19D671E386A0700572212 /* Tour.app */,
				DDB19D7E1E386A0700572212 /* TourTests.xctest */,
			);
			name = Products;
			sourceTree = "<group>";
		};
		DDB19D691E386A0700572212 /* Tour */ = {
			isa = PBXGroup;
			children = (
				DDB19D971E38811800572212 /* Extensions */,
				DDB19D901E38700A00572212 /* Designables */,
				DDB19D8F1E38700300572212 /* Storyboards */,
				DDB19D8E1E386FFD00572212 /* View Controllers (VC) */,
				DDB19D8D1E386FF700572212 /* Views */,
				DDB19D6A1E386A0700572212 /* AppDelegate.swift */,
				DDB19D741E386A0700572212 /* Assets.xcassets */,
				DDB19D761E386A0700572212 /* LaunchScreen.storyboard */,
				DDB19D791E386A0700572212 /* Info.plist */,
				DDB19D711E386A0700572212 /* Tour.xcdatamodeld */,
				DDB19D911E3870B200572212 /* GoogleService-Info.plist */,
			);
			path = Tour;
			sourceTree = "<group>";
		};
		DDB19D811E386A0700572212 /* TourTests */ = {
			isa = PBXGroup;
			children = (
				DDB19D821E386A0700572212 /* TourTests.swift */,
				DDB19D841E386A0700572212 /* Info.plist */,
			);
			path = TourTests;
			sourceTree = "<group>";
		};
		DDB19D8D1E386FF700572212 /* Views */ = {
			isa = PBXGroup;
			children = (
			);
			name = Views;
			sourceTree = "<group>";
		};
		DDB19D8E1E386FFD00572212 /* View Controllers (VC) */ = {
			isa = PBXGroup;
			children = (
				DDB19D6C1E386A0700572212 /* LoginVC.swift */,
				DDB19D951E38731D00572212 /* SignUpVC.swift */,
				DDB19D9C1E38853200572212 /* MainVC.swift */,
			);
			name = "View Controllers (VC)";
			sourceTree = "<group>";
		};
		DDB19D8F1E38700300572212 /* Storyboards */ = {
			isa = PBXGroup;
			children = (
				DDB19D931E38714C00572212 /* Entry.storyboard */,
				DDB19D9A1E38847300572212 /* Main.storyboard */,
			);
			name = Storyboards;
			sourceTree = "<group>";
		};
		DDB19D901E38700A00572212 /* Designables */ = {
			isa = PBXGroup;
			children = (
			);
			name = Designables;
			sourceTree = "<group>";
		};
		DDB19D971E38811800572212 /* Extensions */ = {
			isa = PBXGroup;
			children = (
				DDB19D981E38812C00572212 /* UIViewController+InstantiateVC.swift */,
			);
			name = Extensions;
			sourceTree = "<group>";
		};
/* End PBXGroup section */

/* Begin PBXNativeTarget section */
		DDB19D661E386A0700572212 /* Tour */ = {
			isa = PBXNativeTarget;
			buildConfigurationList = DDB19D871E386A0700572212 /* Build configuration list for PBXNativeTarget "Tour" */;
			buildPhases = (
				AB89E75BAAFB46A1D5424677 /* [CP] Check Pods Manifest.lock */,
				DDB19D631E386A0700572212 /* Sources */,
				DDB19D641E386A0700572212 /* Frameworks */,
				DDB19D651E386A0700572212 /* Resources */,
				4A3D235B676140C0E9BDFEBF /* [CP] Embed Pods Frameworks */,
				ABE62F63485F3C395FF9E95D /* [CP] Copy Pods Resources */,
			);
			buildRules = (
			);
			dependencies = (
			);
			name = Tour;
			productName = Tour;
			productReference = DDB19D671E386A0700572212 /* Tour.app */;
			productType = "com.apple.product-type.application";
		};
		DDB19D7D1E386A0700572212 /* TourTests */ = {
			isa = PBXNativeTarget;
			buildConfigurationList = DDB19D8A1E386A0700572212 /* Build configuration list for PBXNativeTarget "TourTests" */;
			buildPhases = (
				FCBAC78B7D05F3C27EAFF606 /* [CP] Check Pods Manifest.lock */,
				DDB19D7A1E386A0700572212 /* Sources */,
				DDB19D7B1E386A0700572212 /* Frameworks */,
				DDB19D7C1E386A0700572212 /* Resources */,
				D48ABF690283B6BB13E5D048 /* [CP] Embed Pods Frameworks */,
				D3646E44853BF33FFF3B6178 /* [CP] Copy Pods Resources */,
			);
			buildRules = (
			);
			dependencies = (
				DDB19D801E386A0700572212 /* PBXTargetDependency */,
			);
			name = TourTests;
			productName = TourTests;
			productReference = DDB19D7E1E386A0700572212 /* TourTests.xctest */;
			productType = "com.apple.product-type.bundle.unit-test";
		};
/* End PBXNativeTarget section */

/* Begin PBXProject section */
		DDB19D5F1E386A0700572212 /* Project object */ = {
			isa = PBXProject;
			attributes = {
				LastSwiftUpdateCheck = 0820;
				LastUpgradeCheck = 0820;
				ORGANIZATIONNAME = "Trevin Wisaksana";
				TargetAttributes = {
					DDB19D661E386A0700572212 = {
						CreatedOnToolsVersion = 8.2.1;
						DevelopmentTeam = 9ME882KZTA;
						ProvisioningStyle = Automatic;
					};
					DDB19D7D1E386A0700572212 = {
						CreatedOnToolsVersion = 8.2.1;
						DevelopmentTeam = 9ME882KZTA;
						ProvisioningStyle = Automatic;
						TestTargetID = DDB19D661E386A0700572212;
					};
				};
			};
			buildConfigurationList = DDB19D621E386A0700572212 /* Build configuration list for PBXProject "Tour" */;
			compatibilityVersion = "Xcode 3.2";
			developmentRegion = English;
			hasScannedForEncodings = 0;
			knownRegions = (
				en,
				Base,
			);
			mainGroup = DDB19D5E1E386A0600572212;
			productRefGroup = DDB19D681E386A0700572212 /* Products */;
			projectDirPath = "";
			projectRoot = "";
			targets = (
				DDB19D661E386A0700572212 /* Tour */,
				DDB19D7D1E386A0700572212 /* TourTests */,
			);
		};
/* End PBXProject section */

/* Begin PBXResourcesBuildPhase section */
		DDB19D651E386A0700572212 /* Resources */ = {
			isa = PBXResourcesBuildPhase;
			buildActionMask = 2147483647;
			files = (
				DDB19D781E386A0700572212 /* LaunchScreen.storyboard in Resources */,
				DDB19D9B1E38847300572212 /* Main.storyboard in Resources */,
				DDB19D921E3870B200572212 /* GoogleService-Info.plist in Resources */,
				DDB19D941E38714C00572212 /* Entry.storyboard in Resources */,
				DDB19D751E386A0700572212 /* Assets.xcassets in Resources */,
			);
			runOnlyForDeploymentPostprocessing = 0;
		};
		DDB19D7C1E386A0700572212 /* Resources */ = {
			isa = PBXResourcesBuildPhase;
			buildActionMask = 2147483647;
			files = (
			);
			runOnlyForDeploymentPostprocessing = 0;
		};
/* End PBXResourcesBuildPhase section */

/* Begin PBXShellScriptBuildPhase section */
		4A3D235B676140C0E9BDFEBF /* [CP] Embed Pods Frameworks */ = {
			isa = PBXShellScriptBuildPhase;
			buildActionMask = 2147483647;
			files = (
			);
			inputPaths = (
			);
			name = "[CP] Embed Pods Frameworks";
			outputPaths = (
			);
			runOnlyForDeploymentPostprocessing = 0;
			shellPath = /bin/sh;
			shellScript = "\"${SRCROOT}/Pods/Target Support Files/Pods-Tour/Pods-Tour-frameworks.sh\"\n";
			showEnvVarsInLog = 0;
		};
		AB89E75BAAFB46A1D5424677 /* [CP] Check Pods Manifest.lock */ = {
			isa = PBXShellScriptBuildPhase;
			buildActionMask = 2147483647;
			files = (
			);
			inputPaths = (
			);
			name = "[CP] Check Pods Manifest.lock";
			outputPaths = (
			);
			runOnlyForDeploymentPostprocessing = 0;
			shellPath = /bin/sh;
			shellScript = "diff \"${PODS_ROOT}/../Podfile.lock\" \"${PODS_ROOT}/Manifest.lock\" > /dev/null\nif [ $? != 0 ] ; then\n    # print error to STDERR\n    echo \"error: The sandbox is not in sync with the Podfile.lock. Run 'pod install' or update your CocoaPods installation.\" >&2\n    exit 1\nfi\n";
			showEnvVarsInLog = 0;
		};
		ABE62F63485F3C395FF9E95D /* [CP] Copy Pods Resources */ = {
			isa = PBXShellScriptBuildPhase;
			buildActionMask = 2147483647;
			files = (
			);
			inputPaths = (
			);
			name = "[CP] Copy Pods Resources";
			outputPaths = (
			);
			runOnlyForDeploymentPostprocessing = 0;
			shellPath = /bin/sh;
			shellScript = "\"${SRCROOT}/Pods/Target Support Files/Pods-Tour/Pods-Tour-resources.sh\"\n";
			showEnvVarsInLog = 0;
		};
		D3646E44853BF33FFF3B6178 /* [CP] Copy Pods Resources */ = {
			isa = PBXShellScriptBuildPhase;
			buildActionMask = 2147483647;
			files = (
			);
			inputPaths = (
			);
			name = "[CP] Copy Pods Resources";
			outputPaths = (
			);
			runOnlyForDeploymentPostprocessing = 0;
			shellPath = /bin/sh;
			shellScript = "\"${SRCROOT}/Pods/Target Support Files/Pods-TourTests/Pods-TourTests-resources.sh\"\n";
			showEnvVarsInLog = 0;
		};
		D48ABF690283B6BB13E5D048 /* [CP] Embed Pods Frameworks */ = {
			isa = PBXShellScriptBuildPhase;
			buildActionMask = 2147483647;
			files = (
			);
			inputPaths = (
			);
			name = "[CP] Embed Pods Frameworks";
			outputPaths = (
			);
			runOnlyForDeploymentPostprocessing = 0;
			shellPath = /bin/sh;
			shellScript = "\"${SRCROOT}/Pods/Target Support Files/Pods-TourTests/Pods-TourTests-frameworks.sh\"\n";
			showEnvVarsInLog = 0;
		};
		FCBAC78B7D05F3C27EAFF606 /* [CP] Check Pods Manifest.lock */ = {
			isa = PBXShellScriptBuildPhase;
			buildActionMask = 2147483647;
			files = (
			);
			inputPaths = (
			);
			name = "[CP] Check Pods Manifest.lock";
			outputPaths = (
			);
			runOnlyForDeploymentPostprocessing = 0;
			shellPath = /bin/sh;
			shellScript = "diff \"${PODS_ROOT}/../Podfile.lock\" \"${PODS_ROOT}/Manifest.lock\" > /dev/null\nif [ $? != 0 ] ; then\n    # print error to STDERR\n    echo \"error: The sandbox is not in sync with the Podfile.lock. Run 'pod install' or update your CocoaPods installation.\" >&2\n    exit 1\nfi\n";
			showEnvVarsInLog = 0;
		};
/* End PBXShellScriptBuildPhase section */

/* Begin PBXSourcesBuildPhase section */
		DDB19D631E386A0700572212 /* Sources */ = {
			isa = PBXSourcesBuildPhase;
			buildActionMask = 2147483647;
			files = (
				DDB19D9D1E38853200572212 /* MainVC.swift in Sources */,
				DDB19D731E386A0700572212 /* Tour.xcdatamodeld in Sources */,
				DDB19D6D1E386A0700572212 /* LoginVC.swift in Sources */,
				DDB19D961E38731D00572212 /* SignUpVC.swift in Sources */,
				DDB19D6B1E386A0700572212 /* AppDelegate.swift in Sources */,
				DDB19D991E38812C00572212 /* UIViewController+InstantiateVC.swift in Sources */,
			);
			runOnlyForDeploymentPostprocessing = 0;
		};
		DDB19D7A1E386A0700572212 /* Sources */ = {
			isa = PBXSourcesBuildPhase;
			buildActionMask = 2147483647;
			files = (
				DDB19D831E386A0700572212 /* TourTests.swift in Sources */,
			);
			runOnlyForDeploymentPostprocessing = 0;
		};
/* End PBXSourcesBuildPhase section */

/* Begin PBXTargetDependency section */
		DDB19D801E386A0700572212 /* PBXTargetDependency */ = {
			isa = PBXTargetDependency;
			target = DDB19D661E386A0700572212 /* Tour */;
			targetProxy = DDB19D7F1E386A0700572212 /* PBXContainerItemProxy */;
		};
/* End PBXTargetDependency section */

/* Begin PBXVariantGroup section */
		DDB19D761E386A0700572212 /* LaunchScreen.storyboard */ = {
			isa = PBXVariantGroup;
			children = (
				DDB19D771E386A0700572212 /* Base */,
			);
			name = LaunchScreen.storyboard;
			sourceTree = "<group>";
		};
/* End PBXVariantGroup section */

/* Begin XCBuildConfiguration section */
		DDB19D851E386A0700572212 /* Debug */ = {
			isa = XCBuildConfiguration;
			buildSettings = {
				ALWAYS_SEARCH_USER_PATHS = NO;
				CLANG_ANALYZER_NONNULL = YES;
				CLANG_CXX_LANGUAGE_STANDARD = "gnu++0x";
				CLANG_CXX_LIBRARY = "libc++";
				CLANG_ENABLE_MODULES = YES;
				CLANG_ENABLE_OBJC_ARC = YES;
				CLANG_WARN_BOOL_CONVERSION = YES;
				CLANG_WARN_CONSTANT_CONVERSION = YES;
				CLANG_WARN_DIRECT_OBJC_ISA_USAGE = YES_ERROR;
				CLANG_WARN_DOCUMENTATION_COMMENTS = YES;
				CLANG_WARN_EMPTY_BODY = YES;
				CLANG_WARN_ENUM_CONVERSION = YES;
				CLANG_WARN_INFINITE_RECURSION = YES;
				CLANG_WARN_INT_CONVERSION = YES;
				CLANG_WARN_OBJC_ROOT_CLASS = YES_ERROR;
				CLANG_WARN_SUSPICIOUS_MOVE = YES;
				CLANG_WARN_UNREACHABLE_CODE = YES;
				CLANG_WARN__DUPLICATE_METHOD_MATCH = YES;
				"CODE_SIGN_IDENTITY[sdk=iphoneos*]" = "iPhone Developer";
				COPY_PHASE_STRIP = NO;
				DEBUG_INFORMATION_FORMAT = dwarf;
				ENABLE_STRICT_OBJC_MSGSEND = YES;
				ENABLE_TESTABILITY = YES;
				GCC_C_LANGUAGE_STANDARD = gnu99;
				GCC_DYNAMIC_NO_PIC = NO;
				GCC_NO_COMMON_BLOCKS = YES;
				GCC_OPTIMIZATION_LEVEL = 0;
				GCC_PREPROCESSOR_DEFINITIONS = (
					"DEBUG=1",
					"$(inherited)",
				);
				GCC_WARN_64_TO_32_BIT_CONVERSION = YES;
				GCC_WARN_ABOUT_RETURN_TYPE = YES_ERROR;
				GCC_WARN_UNDECLARED_SELECTOR = YES;
				GCC_WARN_UNINITIALIZED_AUTOS = YES_AGGRESSIVE;
				GCC_WARN_UNUSED_FUNCTION = YES;
				GCC_WARN_UNUSED_VARIABLE = YES;
				IPHONEOS_DEPLOYMENT_TARGET = 10.2;
				MTL_ENABLE_DEBUG_INFO = YES;
				ONLY_ACTIVE_ARCH = YES;
				SDKROOT = iphoneos;
				SWIFT_ACTIVE_COMPILATION_CONDITIONS = DEBUG;
				SWIFT_OPTIMIZATION_LEVEL = "-Onone";
				TARGETED_DEVICE_FAMILY = "1,2";
			};
			name = Debug;
		};
		DDB19D861E386A0700572212 /* Release */ = {
			isa = XCBuildConfiguration;
			buildSettings = {
				ALWAYS_SEARCH_USER_PATHS = NO;
				CLANG_ANALYZER_NONNULL = YES;
				CLANG_CXX_LANGUAGE_STANDARD = "gnu++0x";
				CLANG_CXX_LIBRARY = "libc++";
				CLANG_ENABLE_MODULES = YES;
				CLANG_ENABLE_OBJC_ARC = YES;
				CLANG_WARN_BOOL_CONVERSION = YES;
				CLANG_WARN_CONSTANT_CONVERSION = YES;
				CLANG_WARN_DIRECT_OBJC_ISA_USAGE = YES_ERROR;
				CLANG_WARN_DOCUMENTATION_COMMENTS = YES;
				CLANG_WARN_EMPTY_BODY = YES;
				CLANG_WARN_ENUM_CONVERSION = YES;
				CLANG_WARN_INFINITE_RECURSION = YES;
				CLANG_WARN_INT_CONVERSION = YES;
				CLANG_WARN_OBJC_ROOT_CLASS = YES_ERROR;
				CLANG_WARN_SUSPICIOUS_MOVE = YES;
				CLANG_WARN_UNREACHABLE_CODE = YES;
				CLANG_WARN__DUPLICATE_METHOD_MATCH = YES;
				"CODE_SIGN_IDENTITY[sdk=iphoneos*]" = "iPhone Developer";
				COPY_PHASE_STRIP = NO;
				DEBUG_INFORMATION_FORMAT = "dwarf-with-dsym";
				ENABLE_NS_ASSERTIONS = NO;
				ENABLE_STRICT_OBJC_MSGSEND = YES;
				GCC_C_LANGUAGE_STANDARD = gnu99;
				GCC_NO_COMMON_BLOCKS = YES;
				GCC_WARN_64_TO_32_BIT_CONVERSION = YES;
				GCC_WARN_ABOUT_RETURN_TYPE = YES_ERROR;
				GCC_WARN_UNDECLARED_SELECTOR = YES;
				GCC_WARN_UNINITIALIZED_AUTOS = YES_AGGRESSIVE;
				GCC_WARN_UNUSED_FUNCTION = YES;
				GCC_WARN_UNUSED_VARIABLE = YES;
				IPHONEOS_DEPLOYMENT_TARGET = 10.2;
				MTL_ENABLE_DEBUG_INFO = NO;
				SDKROOT = iphoneos;
				SWIFT_OPTIMIZATION_LEVEL = "-Owholemodule";
				TARGETED_DEVICE_FAMILY = "1,2";
				VALIDATE_PRODUCT = YES;
			};
			name = Release;
		};
		DDB19D881E386A0700572212 /* Debug */ = {
			isa = XCBuildConfiguration;
			baseConfigurationReference = 752F1F2E85DDA06A5C9E7BFF /* Pods-Tour.debug.xcconfig */;
			buildSettings = {
				ASSETCATALOG_COMPILER_APPICON_NAME = AppIcon;
				DEVELOPMENT_TEAM = 9ME882KZTA;
				INFOPLIST_FILE = Tour/Info.plist;
				LD_RUNPATH_SEARCH_PATHS = "$(inherited) @executable_path/Frameworks";
				PRODUCT_BUNDLE_IDENTIFIER = com.trevinwisaksana.Tour;
				PRODUCT_NAME = "$(TARGET_NAME)";
				SWIFT_VERSION = 3.0;
			};
			name = Debug;
		};
		DDB19D891E386A0700572212 /* Release */ = {
			isa = XCBuildConfiguration;
			baseConfigurationReference = 98E8DFD2FBFC59AC15E1F661 /* Pods-Tour.release.xcconfig */;
			buildSettings = {
				ASSETCATALOG_COMPILER_APPICON_NAME = AppIcon;
				DEVELOPMENT_TEAM = 9ME882KZTA;
				INFOPLIST_FILE = Tour/Info.plist;
				LD_RUNPATH_SEARCH_PATHS = "$(inherited) @executable_path/Frameworks";
				PRODUCT_BUNDLE_IDENTIFIER = com.trevinwisaksana.Tour;
				PRODUCT_NAME = "$(TARGET_NAME)";
				SWIFT_VERSION = 3.0;
			};
			name = Release;
		};
		DDB19D8B1E386A0700572212 /* Debug */ = {
			isa = XCBuildConfiguration;
			baseConfigurationReference = 2C8B6E84E66217F554771009 /* Pods-TourTests.debug.xcconfig */;
			buildSettings = {
				ALWAYS_EMBED_SWIFT_STANDARD_LIBRARIES = YES;
				BUNDLE_LOADER = "$(TEST_HOST)";
				DEVELOPMENT_TEAM = 9ME882KZTA;
				INFOPLIST_FILE = TourTests/Info.plist;
				LD_RUNPATH_SEARCH_PATHS = "$(inherited) @executable_path/Frameworks @loader_path/Frameworks";
				PRODUCT_BUNDLE_IDENTIFIER = com.trevinwisaksana.TourTests;
				PRODUCT_NAME = "$(TARGET_NAME)";
				SWIFT_VERSION = 3.0;
				TEST_HOST = "$(BUILT_PRODUCTS_DIR)/Tour.app/Tour";
			};
			name = Debug;
		};
		DDB19D8C1E386A0700572212 /* Release */ = {
			isa = XCBuildConfiguration;
			baseConfigurationReference = 826C04A8F9D739ECE877450A /* Pods-TourTests.release.xcconfig */;
			buildSettings = {
				ALWAYS_EMBED_SWIFT_STANDARD_LIBRARIES = YES;
				BUNDLE_LOADER = "$(TEST_HOST)";
				DEVELOPMENT_TEAM = 9ME882KZTA;
				INFOPLIST_FILE = TourTests/Info.plist;
				LD_RUNPATH_SEARCH_PATHS = "$(inherited) @executable_path/Frameworks @loader_path/Frameworks";
				PRODUCT_BUNDLE_IDENTIFIER = com.trevinwisaksana.TourTests;
				PRODUCT_NAME = "$(TARGET_NAME)";
				SWIFT_VERSION = 3.0;
				TEST_HOST = "$(BUILT_PRODUCTS_DIR)/Tour.app/Tour";
			};
			name = Release;
		};
/* End XCBuildConfiguration section */

/* Begin XCConfigurationList section */
		DDB19D621E386A0700572212 /* Build configuration list for PBXProject "Tour" */ = {
			isa = XCConfigurationList;
			buildConfigurations = (
				DDB19D851E386A0700572212 /* Debug */,
				DDB19D861E386A0700572212 /* Release */,
			);
			defaultConfigurationIsVisible = 0;
			defaultConfigurationName = Release;
		};
		DDB19D871E386A0700572212 /* Build configuration list for PBXNativeTarget "Tour" */ = {
			isa = XCConfigurationList;
			buildConfigurations = (
				DDB19D881E386A0700572212 /* Debug */,
				DDB19D891E386A0700572212 /* Release */,
			);
			defaultConfigurationIsVisible = 0;
			defaultConfigurationName = Release;
		};
		DDB19D8A1E386A0700572212 /* Build configuration list for PBXNativeTarget "TourTests" */ = {
			isa = XCConfigurationList;
			buildConfigurations = (
				DDB19D8B1E386A0700572212 /* Debug */,
				DDB19D8C1E386A0700572212 /* Release */,
			);
			defaultConfigurationIsVisible = 0;
			defaultConfigurationName = Release;
		};
/* End XCConfigurationList section */

/* Begin XCVersionGroup section */
		DDB19D711E386A0700572212 /* Tour.xcdatamodeld */ = {
			isa = XCVersionGroup;
			children = (
				DDB19D721E386A0700572212 /* Tour.xcdatamodel */,
			);
			currentVersion = DDB19D721E386A0700572212 /* Tour.xcdatamodel */;
			path = Tour.xcdatamodeld;
			sourceTree = "<group>";
			versionGroupType = wrapper.xcdatamodel;
		};
/* End XCVersionGroup section */
	};
	rootObject = DDB19D5F1E386A0700572212 /* Project object */;
}
